
Microsoft Visual Studio Solution File, Format Version 11.00
# Visual Studio 2010
Project("{FAE04EC0-301F-11D3-BF4B-00C04F79EFBC}") = "BlobIOLib", "BlobIOLib.csproj", "{AC3C8A50-F2ED-4A9B-8786-7593050CF3AA}"
EndProject
Global
	GlobalSection(SolutionConfigurationPlatforms) = preSolution
		Debug|Any CPU = Debug|Any CPU
		Release|Any CPU = Release|Any CPU
	EndGlobalSection
	GlobalSection(ProjectConfigurationPlatforms) = postSolution
		{AC3C8A50-F2ED-4A9B-8786-7593050CF3AA}.Debug|Any CPU.ActiveCfg = Debug|Any CPU
		{AC3C8A50-F2ED-4A9B-8786-7593050CF3AA}.Debug|Any CPU.Build.0 = Debug|Any CPU
		{AC3C8A50-F2ED-4A9B-8786-7593050CF3AA}.Release|Any CPU.ActiveCfg = Release|Any CPU
		{AC3C8A50-F2ED-4A9B-8786-7593050CF3AA}.Release|Any CPU.Build.0 = Release|Any CPU
	EndGlobalSection
	GlobalSection(MonoDevelopProperties) = preSolution
		StartupItem = BlobIOLib.csproj
		Policies = $0
		$0.TextStylePolicy = $1
		$1.FileWidth = 120
		$1.inheritsSet = VisualStudio
		$1.inheritsScope = text/plain
		$1.scope = text/plain
	EndGlobalSection
EndGlobal
